
Microsoft Visual Studio Solution File, Format Version 12.00
# Visual Studio 15
VisualStudioVersion = 15.0.27130.2027
MinimumVisualStudioVersion = 10.0.40219.1
Project("{6EC3EE1D-3C4E-46DD-8F32-0CC8E7565705}") = "Queueing", "Queueing\Queueing.fsproj", "{9E41AF91-37C1-47AD-A181-5A34C579841E}"
EndProject
Project("{6EC3EE1D-3C4E-46DD-8F32-0CC8E7565705}") = "Queueing.RabbitMq", "Queueing.RabbitMq\Queueing.RabbitMq.fsproj", "{8833A3CD-8129-47BF-B644-A325485D14B9}"
EndProject
Project("{6EC3EE1D-3C4E-46DD-8F32-0CC8E7565705}") = "ConsoleTestHarness", "ConsoleTestHarness\ConsoleTestHarness.fsproj", "{EE0DC9F5-D39B-4516-9EAE-953DBC92269E}"
EndProject
Project("{6EC3EE1D-3C4E-46DD-8F32-0CC8E7565705}") = "Queueing.Tests", "Queueing.Tests\Queueing.Tests.fsproj", "{F698AC42-9124-4D5E-8EDE-029427F4820F}"
EndProject
Global
	GlobalSection(SolutionConfigurationPlatforms) = preSolution
		Debug|Any CPU = Debug|Any CPU
		Release|Any CPU = Release|Any CPU
	EndGlobalSection
	GlobalSection(ProjectConfigurationPlatforms) = postSolution
		{9E41AF91-37C1-47AD-A181-5A34C579841E}.Debug|Any CPU.ActiveCfg = Debug|Any CPU
		{9E41AF91-37C1-47AD-A181-5A34C579841E}.Debug|Any CPU.Build.0 = Debug|Any CPU
		{9E41AF91-37C1-47AD-A181-5A34C579841E}.Release|Any CPU.ActiveCfg = Release|Any CPU
		{9E41AF91-37C1-47AD-A181-5A34C579841E}.Release|Any CPU.Build.0 = Release|Any CPU
		{8833A3CD-8129-47BF-B644-A325485D14B9}.Debug|Any CPU.ActiveCfg = Debug|Any CPU
		{8833A3CD-8129-47BF-B644-A325485D14B9}.Debug|Any CPU.Build.0 = Debug|Any CPU
		{8833A3CD-8129-47BF-B644-A325485D14B9}.Release|Any CPU.ActiveCfg = Release|Any CPU
		{8833A3CD-8129-47BF-B644-A325485D14B9}.Release|Any CPU.Build.0 = Release|Any CPU
		{EE0DC9F5-D39B-4516-9EAE-953DBC92269E}.Debug|Any CPU.ActiveCfg = Debug|Any CPU
		{EE0DC9F5-D39B-4516-9EAE-953DBC92269E}.Debug|Any CPU.Build.0 = Debug|Any CPU
		{EE0DC9F5-D39B-4516-9EAE-953DBC92269E}.Release|Any CPU.ActiveCfg = Release|Any CPU
		{EE0DC9F5-D39B-4516-9EAE-953DBC92269E}.Release|Any CPU.Build.0 = Release|Any CPU
		{F698AC42-9124-4D5E-8EDE-029427F4820F}.Debug|Any CPU.ActiveCfg = Debug|Any CPU
		{F698AC42-9124-4D5E-8EDE-029427F4820F}.Debug|Any CPU.Build.0 = Debug|Any CPU
		{F698AC42-9124-4D5E-8EDE-029427F4820F}.Release|Any CPU.ActiveCfg = Release|Any CPU
		{F698AC42-9124-4D5E-8EDE-029427F4820F}.Release|Any CPU.Build.0 = Release|Any CPU
	EndGlobalSection
	GlobalSection(SolutionProperties) = preSolution
		HideSolutionNode = FALSE
	EndGlobalSection
	GlobalSection(ExtensibilityGlobals) = postSolution
		SolutionGuid = {62482582-D49D-463E-AF51-831613BAB96A}
	EndGlobalSection
EndGlobal
